
Microsoft Visual Studio Solution File, Format Version 12.00
# Visual Studio Version 17
VisualStudioVersion = 17.2.32616.157
MinimumVisualStudioVersion = 10.0.40219.1
Project("{FAE04EC0-301F-11D3-BF4B-00C04F79EFBC}") = "OmerBlog.Web", "OmerBlog.Web.csproj", "{529E3326-43A9-4906-96E2-CC0C7B0A3F3D}"
EndProject
Project("{FAE04EC0-301F-11D3-BF4B-00C04F79EFBC}") = "OmerBlog.Entity", "..\OmerBlog.Entity\OmerBlog.Entity.csproj", "{0081C306-9704-4908-88D5-D369C6A23876}"
EndProject
Project("{FAE04EC0-301F-11D3-BF4B-00C04F79EFBC}") = "OmerBlog.Data", "..\OmerBlog.Data\OmerBlog.Data.csproj", "{84D7196F-B069-44AC-AA1D-42999FA2F855}"
EndProject
Project("{FAE04EC0-301F-11D3-BF4B-00C04F79EFBC}") = "OmerBlog.Service", "..\OmerBlog.Service\OmerBlog.Service.csproj", "{21BE7F9F-FC72-417F-B50D-299237A16F3A}"
EndProject
Project("{FAE04EC0-301F-11D3-BF4B-00C04F79EFBC}") = "OmerBlog.Core", "..\OmerBlog.Core\OmerBlog.Core.csproj", "{CC2CBD1E-B4EB-4419-9349-51775FFD7F8D}"
EndProject
Global
	GlobalSection(SolutionConfigurationPlatforms) = preSolution
		Debug|Any CPU = Debug|Any CPU
		Release|Any CPU = Release|Any CPU
	EndGlobalSection
	GlobalSection(ProjectConfigurationPlatforms) = postSolution
		{529E3326-43A9-4906-96E2-CC0C7B0A3F3D}.Debug|Any CPU.ActiveCfg = Debug|Any CPU
		{529E3326-43A9-4906-96E2-CC0C7B0A3F3D}.Debug|Any CPU.Build.0 = Debug|Any CPU
		{529E3326-43A9-4906-96E2-CC0C7B0A3F3D}.Release|Any CPU.ActiveCfg = Release|Any CPU
		{529E3326-43A9-4906-96E2-CC0C7B0A3F3D}.Release|Any CPU.Build.0 = Release|Any CPU
		{0081C306-9704-4908-88D5-D369C6A23876}.Debug|Any CPU.ActiveCfg = Debug|Any CPU
		{0081C306-9704-4908-88D5-D369C6A23876}.Debug|Any CPU.Build.0 = Debug|Any CPU
		{0081C306-9704-4908-88D5-D369C6A23876}.Release|Any CPU.ActiveCfg = Release|Any CPU
		{0081C306-9704-4908-88D5-D369C6A23876}.Release|Any CPU.Build.0 = Release|Any CPU
		{84D7196F-B069-44AC-AA1D-42999FA2F855}.Debug|Any CPU.ActiveCfg = Debug|Any CPU
		{84D7196F-B069-44AC-AA1D-42999FA2F855}.Debug|Any CPU.Build.0 = Debug|Any CPU
		{84D7196F-B069-44AC-AA1D-42999FA2F855}.Release|Any CPU.ActiveCfg = Release|Any CPU
		{84D7196F-B069-44AC-AA1D-42999FA2F855}.Release|Any CPU.Build.0 = Release|Any CPU
		{21BE7F9F-FC72-417F-B50D-299237A16F3A}.Debug|Any CPU.ActiveCfg = Debug|Any CPU
		{21BE7F9F-FC72-417F-B50D-299237A16F3A}.Debug|Any CPU.Build.0 = Debug|Any CPU
		{21BE7F9F-FC72-417F-B50D-299237A16F3A}.Release|Any CPU.ActiveCfg = Release|Any CPU
		{21BE7F9F-FC72-417F-B50D-299237A16F3A}.Release|Any CPU.Build.0 = Release|Any CPU
		{CC2CBD1E-B4EB-4419-9349-51775FFD7F8D}.Debug|Any CPU.ActiveCfg = Debug|Any CPU
		{CC2CBD1E-B4EB-4419-9349-51775FFD7F8D}.Debug|Any CPU.Build.0 = Debug|Any CPU
		{CC2CBD1E-B4EB-4419-9349-51775FFD7F8D}.Release|Any CPU.ActiveCfg = Release|Any CPU
		{CC2CBD1E-B4EB-4419-9349-51775FFD7F8D}.Release|Any CPU.Build.0 = Release|Any CPU
	EndGlobalSection
	GlobalSection(SolutionProperties) = preSolution
		HideSolutionNode = FALSE
	EndGlobalSection
	GlobalSection(ExtensibilityGlobals) = postSolution
		SolutionGuid = {DB1F9AD5-34E3-4FC8-ABAD-001B5817446E}
	EndGlobalSection
EndGlobal
